{
  "lockfile_version": "1",
  "packages": {
    "docker@latest": {
      "last_modified": "2025-08-05T11:35:34Z",
      "resolved": "github:NixOS/nixpkgs/a683adc19ff5228af548c6539dbc3440509bfed3#docker",
      "source": "devbox-search",
      "version": "28.3.3",
      "systems": {
        "aarch64-darwin": {
          "outputs": [
            {
              "name": "out",
              "path": "/nix/store/6x679ch4cqa5aywjsrnplsasv5rp0mak-docker-28.3.3",
              "default": true
            }
          ],
          "store_path": "/nix/store/6x679ch4cqa5aywjsrnplsasv5rp0mak-docker-28.3.3"
        },
        "aarch64-linux": {
          "outputs": [
            {
              "name": "out",
              "path": "/nix/store/8jb799sr948h68avj9k3xkvznv10f470-docker-28.3.3",
              "default": true
            }
          ],
          "store_path": "/nix/store/8jb799sr948h68avj9k3xkvznv10f470-docker-28.3.3"
        },
        "x86_64-darwin": {
          "outputs": [
            {
              "name": "out",
              "path": "/nix/store/g3h7m6qsx5rkb908qcqi4a6kflvcriz5-docker-28.3.3",
              "default": true
            }
          ],
          "store_path": "/nix/store/g3h7m6qsx5rkb908qcqi4a6kflvcriz5-docker-28.3.3"
        },
        "x86_64-linux": {
          "outputs": [
            {
              "name": "out",
              "path": "/nix/store/r0vqz3dsdhw31gyk098qgrw61vwmc7a1-docker-28.3.3",
              "default": true
            }
          ],
          "store_path": "/nix/store/r0vqz3dsdhw31gyk098qgrw61vwmc7a1-docker-28.3.3"
        }
      }
    },
    "gcc@latest": {
      "last_modified": "2025-07-28T17:09:23Z",
      "resolved": "github:NixOS/nixpkgs/648f70160c03151bc2121d179291337ad6bc564b#gcc15",
      "source": "devbox-search",
      "version": "15.1.0",
      "systems": {
        "aarch64-darwin": {
          "outputs": [
            {
              "name": "out",
              "path": "/nix/store/bbdc71n8jyf2m2v5v0sgkqrsq6czz7zb-gcc-wrapper-15.1.0",
              "default": true
            },
            {
              "name": "man",
              "path": "/nix/store/9wf8dlqw3akm4q3axf5s5n59ng9mkfc7-gcc-wrapper-15.1.0-man",
              "default": true
            },
            {
              "name": "info",
              "path": "/nix/store/zqfyk428j0naqyph4qb3kp33b0yq75bj-gcc-wrapper-15.1.0-info"
            }
          ],
          "store_path": "/nix/store/bbdc71n8jyf2m2v5v0sgkqrsq6czz7zb-gcc-wrapper-15.1.0"
        },
        "aarch64-linux": {
          "outputs": [
            {
              "name": "out",
              "path": "/nix/store/6i8w766ss996q66b41b3igmr3kcqklxn-gcc-wrapper-15.1.0",
              "default": true
            },
            {
              "name": "man",
              "path": "/nix/store/agx0zfxhwspf783mzqs8hkk11ivcv9p5-gcc-wrapper-15.1.0-man",
              "default": true
            },
            {
              "name": "info",
              "path": "/nix/store/x29k9656k71r2kj9a16bffc4j03sacwv-gcc-wrapper-15.1.0-info"
            }
          ],
          "store_path": "/nix/store/6i8w766ss996q66b41b3igmr3kcqklxn-gcc-wrapper-15.1.0"
        },
        "x86_64-darwin": {
          "outputs": [
            {
              "name": "out",
              "path": "/nix/store/anzgvch883j7id6gxynhsic1qvm7rm1c-gcc-wrapper-15.1.0",
              "default": true
            },
            {
              "name": "man",
              "path": "/nix/store/r7a8ik7vg79xy64jssa97g345qwg5nmj-gcc-wrapper-15.1.0-man",
              "default": true
            },
            {
              "name": "info",
              "path": "/nix/store/r3qfgnzd327ji3z85xagwrnkf911fy8g-gcc-wrapper-15.1.0-info"
            }
          ],
          "store_path": "/nix/store/anzgvch883j7id6gxynhsic1qvm7rm1c-gcc-wrapper-15.1.0"
        },
        "x86_64-linux": {
          "outputs": [
            {
              "name": "out",
              "path": "/nix/store/1d75h3iiq3mj4liis8cm1cbrldc9hwav-gcc-wrapper-15.1.0",
              "default": true
            },
            {
              "name": "man",
              "path": "/nix/store/3zp966sg0136ik4170lvh0rqpygdq384-gcc-wrapper-15.1.0-man",
              "default": true
            },
            {
              "name": "info",
              "path": "/nix/store/dvgwfg6kix4k6f8r6avfj65d42ii37c8-gcc-wrapper-15.1.0-info"
            }
          ],
          "store_path": "/nix/store/1d75h3iiq3mj4liis8cm1cbrldc9hwav-gcc-wrapper-15.1.0"
        }
      }
    },
    "github:NixOS/nixpkgs/nixpkgs-unstable": {
      "last_modified": "2025-08-08T11:17:04Z",
      "resolved": "github:NixOS/nixpkgs/b069b7c1e2fe1a3a24221428558bf44128d3d5c8?lastModified=1754651824&narHash=sha256-aB7ft6njy9EJfuW%2BrdToNChfRrHNRw%2FyTg5cSEnG%2BHI%3D"
    },
    "go@1.24.4": {
      "last_modified": "2025-07-13T22:45:35Z",
      "resolved": "github:NixOS/nixpkgs/a421ac6595024edcfbb1ef950a3712b89161c359#go",
      "source": "devbox-search",
      "version": "1.24.4",
      "systems": {
        "aarch64-darwin": {
          "outputs": [
            {
              "name": "out",
              "path": "/nix/store/f4a0g1p943l61wfvqnpdr73v9bsyfhf2-go-1.24.4",
              "default": true
            }
          ],
          "store_path": "/nix/store/f4a0g1p943l61wfvqnpdr73v9bsyfhf2-go-1.24.4"
        },
        "aarch64-linux": {
          "outputs": [
            {
              "name": "out",
              "path": "/nix/store/mdyik6amglpjs533vk927f9w1qmyw239-go-1.24.4",
              "default": true
            }
          ],
          "store_path": "/nix/store/mdyik6amglpjs533vk927f9w1qmyw239-go-1.24.4"
        },
        "x86_64-darwin": {
          "outputs": [
            {
              "name": "out",
              "path": "/nix/store/b56ngr9p7x6z368w8m7ps95r3x8gdfv7-go-1.24.4",
              "default": true
            }
          ],
          "store_path": "/nix/store/b56ngr9p7x6z368w8m7ps95r3x8gdfv7-go-1.24.4"
        },
        "x86_64-linux": {
          "outputs": [
            {
              "name": "out",
              "path": "/nix/store/xrzqlk92h7z5mz9mlc4a9dyy91n5b68i-go-1.24.4",
              "default": true
            }
          ],
          "store_path": "/nix/store/xrzqlk92h7z5mz9mlc4a9dyy91n5b68i-go-1.24.4"
        }
      }
    },
    "gum@latest": {
      "last_modified": "2025-07-28T17:09:23Z",
      "resolved": "github:NixOS/nixpkgs/648f70160c03151bc2121d179291337ad6bc564b#gum",
      "source": "devbox-search",
      "version": "0.16.2",
      "systems": {
        "aarch64-darwin": {
          "outputs": [
            {
              "name": "out",
              "path": "/nix/store/s9w5fifwbcl92x3r55r9lbiwmlyrlfig-gum-0.16.2",
              "default": true
            }
          ],
          "store_path": "/nix/store/s9w5fifwbcl92x3r55r9lbiwmlyrlfig-gum-0.16.2"
        },
        "aarch64-linux": {
          "outputs": [
            {
              "name": "out",
              "path": "/nix/store/7z4r5akxz40nfji1jz4bdk99k1biwdkc-gum-0.16.2",
              "default": true
            }
          ],
          "store_path": "/nix/store/7z4r5akxz40nfji1jz4bdk99k1biwdkc-gum-0.16.2"
        },
        "x86_64-darwin": {
          "outputs": [
            {
              "name": "out",
              "path": "/nix/store/r6q70l6jqmgmmv8br9dpvh23c4lqkapq-gum-0.16.2",
              "default": true
            }
          ],
          "store_path": "/nix/store/r6q70l6jqmgmmv8br9dpvh23c4lqkapq-gum-0.16.2"
        },
        "x86_64-linux": {
          "outputs": [
            {
              "name": "out",
              "path": "/nix/store/ghqbmfsmdhccms652yx3n0mkj86jlz8r-gum-0.16.2",
              "default": true
            }
          ],
          "store_path": "/nix/store/ghqbmfsmdhccms652yx3n0mkj86jlz8r-gum-0.16.2"
        }
      }
    },
    "jq@latest": {
      "last_modified": "2025-09-21T09:21:16Z",
      "resolved": "github:NixOS/nixpkgs/a1f79a1770d05af18111fbbe2a3ab2c42c0f6cd0#jq",
      "source": "devbox-search",
      "version": "1.8.1",
      "systems": {
        "aarch64-darwin": {
          "outputs": [
            {
              "name": "bin",
              "path": "/nix/store/8cadjdrc1gjc66ijgn2wnmfj6yajnxmb-jq-1.8.1-bin",
              "default": true
            },
            {
              "name": "man",
              "path": "/nix/store/11rdl4l7v5gswf5gdizk02jy39bw7bby-jq-1.8.1-man",
              "default": true
            },
            {
              "name": "out",
              "path": "/nix/store/i8v8j94vx41c1wfzp1n69ddbrrf192pq-jq-1.8.1"
            },
            {
              "name": "dev",
              "path": "/nix/store/vcjkcdi02h123i073sxma5kfhps9z2fd-jq-1.8.1-dev"
            },
            {
              "name": "doc",
              "path": "/nix/store/sbr5199a3y3vpx1kaphyl4nnjlpzzzym-jq-1.8.1-doc"
            }
          ],
          "store_path": "/nix/store/8cadjdrc1gjc66ijgn2wnmfj6yajnxmb-jq-1.8.1-bin"
        },
        "aarch64-linux": {
          "outputs": [
            {
              "name": "bin",
              "path": "/nix/store/ync89vi4g1xnkj4fxspc63zfvs7dk8aw-jq-1.8.1-bin",
              "default": true
            },
            {
              "name": "man",
              "path": "/nix/store/44k1613ynml3cgx5v9k6saqw994hqcl9-jq-1.8.1-man",
              "default": true
            },
            {
              "name": "out",
              "path": "/nix/store/hz4c9q3baf434zw2y0yzb3a5kkj3rhwl-jq-1.8.1"
            },
            {
              "name": "dev",
              "path": "/nix/store/194yri6cyqad6yvbhpqp5wswsppnsi7x-jq-1.8.1-dev"
            },
            {
              "name": "doc",
              "path": "/nix/store/cjmvz6ma3qnhdvapjf2yghw28lrah0ja-jq-1.8.1-doc"
            }
          ],
          "store_path": "/nix/store/ync89vi4g1xnkj4fxspc63zfvs7dk8aw-jq-1.8.1-bin"
        },
        "x86_64-darwin": {
          "outputs": [
            {
              "name": "bin",
              "path": "/nix/store/8kcm1dcivx14cp5z39wzma81jbrvaazs-jq-1.8.1-bin",
              "default": true
            },
            {
              "name": "man",
              "path": "/nix/store/88l2hgigy77vjgkdjps6l6vl8svxgaaa-jq-1.8.1-man",
              "default": true
            },
            {
              "name": "out",
              "path": "/nix/store/ladmn1j7zikwdmih15d8rfh7z550y1q2-jq-1.8.1"
            },
            {
              "name": "dev",
              "path": "/nix/store/wjxxw199ix3mkg8ms6k0hqfg7swxr2qv-jq-1.8.1-dev"
            },
            {
              "name": "doc",
              "path": "/nix/store/17mfk267mjhnvgbm03w0scsfq82a65na-jq-1.8.1-doc"
            }
          ],
          "store_path": "/nix/store/8kcm1dcivx14cp5z39wzma81jbrvaazs-jq-1.8.1-bin"
        },
        "x86_64-linux": {
          "outputs": [
            {
              "name": "bin",
              "path": "/nix/store/7jvwwz45qap70i6asxzcnbshhz88a5sv-jq-1.8.1-bin",
              "default": true
            },
            {
              "name": "man",
              "path": "/nix/store/laqc7c2c9j09vm1w58vmj633vc2wb3wv-jq-1.8.1-man",
              "default": true
            },
            {
              "name": "doc",
              "path": "/nix/store/j572lmsgrx4a9bim6gwlyn9mnlf67490-jq-1.8.1-doc"
            },
            {
              "name": "out",
              "path": "/nix/store/byi56qh6h63rdhfjh4plnyndfcpqx13p-jq-1.8.1"
            },
            {
              "name": "dev",
              "path": "/nix/store/5rp4imr3xn3qwwxpgmss2q9pj8bak9wy-jq-1.8.1-dev"
            }
          ],
          "store_path": "/nix/store/7jvwwz45qap70i6asxzcnbshhz88a5sv-jq-1.8.1-bin"
        }
      }
    },
    "mods@latest": {
      "last_modified": "2025-07-28T17:09:23Z",
      "resolved": "github:NixOS/nixpkgs/648f70160c03151bc2121d179291337ad6bc564b#mods",
      "source": "devbox-search",
      "version": "1.8.1",
      "systems": {
        "aarch64-darwin": {
          "outputs": [
            {
              "name": "out",
              "path": "/nix/store/q5kmixwbmf6b1fsvkkdi7i4m91knfxri-mods-1.8.1",
              "default": true
            }
          ],
          "store_path": "/nix/store/q5kmixwbmf6b1fsvkkdi7i4m91knfxri-mods-1.8.1"
        },
        "aarch64-linux": {
          "outputs": [
            {
              "name": "out",
              "path": "/nix/store/f00dzqdfs3rvfc7b3qd2jk5cn1ylsnbb-mods-1.8.1",
              "default": true
            }
          ],
          "store_path": "/nix/store/f00dzqdfs3rvfc7b3qd2jk5cn1ylsnbb-mods-1.8.1"
        },
        "x86_64-darwin": {
          "outputs": [
            {
              "name": "out",
              "path": "/nix/store/4j1l9i0mhfjklgsipdsdmriykxfg45p3-mods-1.8.1",
              "default": true
            }
          ],
          "store_path": "/nix/store/4j1l9i0mhfjklgsipdsdmriykxfg45p3-mods-1.8.1"
        },
        "x86_64-linux": {
          "outputs": [
            {
              "name": "out",
              "path": "/nix/store/676vw32nr4h07ipxrzk9rgaf7xw5wjpa-mods-1.8.1",
              "default": true
            }
          ],
          "store_path": "/nix/store/676vw32nr4h07ipxrzk9rgaf7xw5wjpa-mods-1.8.1"
        }
      }
    },
    "trunk@latest": {
      "last_modified": "2025-07-28T17:09:23Z",
      "resolved": "github:NixOS/nixpkgs/648f70160c03151bc2121d179291337ad6bc564b#trunk",
      "source": "devbox-search",
      "version": "0.21.14",
      "systems": {
        "aarch64-darwin": {
          "outputs": [
            {
              "name": "out",
              "path": "/nix/store/j4pxnxkchbvvlj132l5cwljrm602fmvs-trunk-0.21.14",
              "default": true
            }
          ],
          "store_path": "/nix/store/j4pxnxkchbvvlj132l5cwljrm602fmvs-trunk-0.21.14"
        },
        "aarch64-linux": {
          "outputs": [
            {
              "name": "out",
              "path": "/nix/store/9wznxami6pkq2dw6l4szrg4sifh492c2-trunk-0.21.14",
              "default": true
            }
          ],
          "store_path": "/nix/store/9wznxami6pkq2dw6l4szrg4sifh492c2-trunk-0.21.14"
        },
        "x86_64-darwin": {
          "outputs": [
            {
              "name": "out",
              "path": "/nix/store/qr6nbiwaw4zs0j3872mjbn7fwgh2m5vl-trunk-0.21.14",
              "default": true
            }
          ],
          "store_path": "/nix/store/qr6nbiwaw4zs0j3872mjbn7fwgh2m5vl-trunk-0.21.14"
        },
        "x86_64-linux": {
          "outputs": [
            {
              "name": "out",
              "path": "/nix/store/j7y8mqi4klmsagw0g6k3zqnx3k1n2zxa-trunk-0.21.14",
              "default": true
            }
          ],
          "store_path": "/nix/store/j7y8mqi4klmsagw0g6k3zqnx3k1n2zxa-trunk-0.21.14"
        }
      }
    },
    "yq@latest": {
      "last_modified": "2025-09-18T16:33:27Z",
      "resolved": "github:NixOS/nixpkgs/f4b140d5b253f5e2a1ff4e5506edbf8267724bde#yq",
      "source": "devbox-search",
      "version": "3.4.3",
      "systems": {
        "aarch64-darwin": {
          "outputs": [
            {
              "name": "out",
              "path": "/nix/store/v2zwrd9i6qy2gw30l4g5ral2b2lqai7m-python3.13-yq-3.4.3",
              "default": true
            },
            {
              "name": "dist",
              "path": "/nix/store/w0pyb99nyvl1z7bzdaznpxmxdpcxfg9z-python3.13-yq-3.4.3-dist"
            }
          ],
          "store_path": "/nix/store/v2zwrd9i6qy2gw30l4g5ral2b2lqai7m-python3.13-yq-3.4.3"
        },
        "aarch64-linux": {
          "outputs": [
            {
              "name": "out",
              "path": "/nix/store/cga5g4sznhlz7aql75xkvd327gbc6l0v-python3.13-yq-3.4.3",
              "default": true
            },
            {
              "name": "dist",
              "path": "/nix/store/gi3fk236bw9mgip7pqgg38gzav4kp2cg-python3.13-yq-3.4.3-dist"
            }
          ],
          "store_path": "/nix/store/cga5g4sznhlz7aql75xkvd327gbc6l0v-python3.13-yq-3.4.3"
        },
        "x86_64-darwin": {
          "outputs": [
            {
              "name": "out",
              "path": "/nix/store/8lbrw66bawjxsxsp5zb2fxqk5a1jqhin-python3.13-yq-3.4.3",
              "default": true
            },
            {
              "name": "dist",
              "path": "/nix/store/fipjjg56y516zki8hc8c384v2210z65q-python3.13-yq-3.4.3-dist"
            }
          ],
          "store_path": "/nix/store/8lbrw66bawjxsxsp5zb2fxqk5a1jqhin-python3.13-yq-3.4.3"
        },
        "x86_64-linux": {
          "outputs": [
            {
              "name": "out",
              "path": "/nix/store/syd7ixyha4g71vmql2pdccwmm50z3i8c-python3.13-yq-3.4.3",
              "default": true
            },
            {
              "name": "dist",
              "path": "/nix/store/p0lc8d2rybgqf57dc5fghavz02j808j6-python3.13-yq-3.4.3-dist"
            }
          ],
          "store_path": "/nix/store/syd7ixyha4g71vmql2pdccwmm50z3i8c-python3.13-yq-3.4.3"
        }
      }
    }
  }
}
