{
  "lockfile_version": "1",
  "packages": {
    "commitizen@latest": {
      "last_modified": "2025-07-28T17:09:23Z",
      "resolved": "github:NixOS/nixpkgs/648f70160c03151bc2121d179291337ad6bc564b#commitizen",
      "source": "devbox-search",
      "version": "4.8.3",
      "systems": {
        "aarch64-darwin": {
          "outputs": [
            {
              "name": "out",
              "path": "/nix/store/ngh28qryvmw4pfx6dqql0w1kp2fid137-python3.13-commitizen-4.8.3",
              "default": true
            },
            {
              "name": "dist",
              "path": "/nix/store/qq9fg0j0g3a9s708rim0m4v3c2d9jhqc-python3.13-commitizen-4.8.3-dist"
            }
          ],
          "store_path": "/nix/store/ngh28qryvmw4pfx6dqql0w1kp2fid137-python3.13-commitizen-4.8.3"
        },
        "aarch64-linux": {
          "outputs": [
            {
              "name": "out",
              "path": "/nix/store/bnj75p83fzc91x558wpm1005gn5cy73p-python3.13-commitizen-4.8.3",
              "default": true
            },
            {
              "name": "dist",
              "path": "/nix/store/m80fz0s37d5m5yfnbssffiwgv1g763gz-python3.13-commitizen-4.8.3-dist"
            }
          ],
          "store_path": "/nix/store/bnj75p83fzc91x558wpm1005gn5cy73p-python3.13-commitizen-4.8.3"
        },
        "x86_64-darwin": {
          "outputs": [
            {
              "name": "out",
              "path": "/nix/store/rhrm23f9ldc3gpanz2pasjlsx1dzz8rf-python3.13-commitizen-4.8.3",
              "default": true
            },
            {
              "name": "dist",
              "path": "/nix/store/d0zyh4j990sdngvaiy6rsb12533vh92p-python3.13-commitizen-4.8.3-dist"
            }
          ],
          "store_path": "/nix/store/rhrm23f9ldc3gpanz2pasjlsx1dzz8rf-python3.13-commitizen-4.8.3"
        },
        "x86_64-linux": {
          "outputs": [
            {
              "name": "out",
              "path": "/nix/store/hwx4wp8nl0kqas6lj5bwmj75p0hr0njf-python3.13-commitizen-4.8.3",
              "default": true
            },
            {
              "name": "dist",
              "path": "/nix/store/84z1l6n7mvjsd8wida72an7sc5hb386f-python3.13-commitizen-4.8.3-dist"
            }
          ],
          "store_path": "/nix/store/hwx4wp8nl0kqas6lj5bwmj75p0hr0njf-python3.13-commitizen-4.8.3"
        }
      }
    },
    "docker@latest": {
      "last_modified": "2025-08-05T11:35:34Z",
      "resolved": "github:NixOS/nixpkgs/a683adc19ff5228af548c6539dbc3440509bfed3#docker",
      "source": "devbox-search",
      "version": "28.3.3",
      "systems": {
        "aarch64-darwin": {
          "outputs": [
            {
              "name": "out",
              "path": "/nix/store/6x679ch4cqa5aywjsrnplsasv5rp0mak-docker-28.3.3",
              "default": true
            }
          ],
          "store_path": "/nix/store/6x679ch4cqa5aywjsrnplsasv5rp0mak-docker-28.3.3"
        },
        "aarch64-linux": {
          "outputs": [
            {
              "name": "out",
              "path": "/nix/store/8jb799sr948h68avj9k3xkvznv10f470-docker-28.3.3",
              "default": true
            }
          ],
          "store_path": "/nix/store/8jb799sr948h68avj9k3xkvznv10f470-docker-28.3.3"
        },
        "x86_64-darwin": {
          "outputs": [
            {
              "name": "out",
              "path": "/nix/store/g3h7m6qsx5rkb908qcqi4a6kflvcriz5-docker-28.3.3",
              "default": true
            }
          ],
          "store_path": "/nix/store/g3h7m6qsx5rkb908qcqi4a6kflvcriz5-docker-28.3.3"
        },
        "x86_64-linux": {
          "outputs": [
            {
              "name": "out",
              "path": "/nix/store/r0vqz3dsdhw31gyk098qgrw61vwmc7a1-docker-28.3.3",
              "default": true
            }
          ],
          "store_path": "/nix/store/r0vqz3dsdhw31gyk098qgrw61vwmc7a1-docker-28.3.3"
        }
      }
    },
    "gcc@latest": {
      "last_modified": "2025-07-28T17:09:23Z",
      "resolved": "github:NixOS/nixpkgs/648f70160c03151bc2121d179291337ad6bc564b#gcc15",
      "source": "devbox-search",
      "version": "15.1.0",
      "systems": {
        "aarch64-darwin": {
          "outputs": [
            {
              "name": "out",
              "path": "/nix/store/bbdc71n8jyf2m2v5v0sgkqrsq6czz7zb-gcc-wrapper-15.1.0",
              "default": true
            },
            {
              "name": "man",
              "path": "/nix/store/9wf8dlqw3akm4q3axf5s5n59ng9mkfc7-gcc-wrapper-15.1.0-man",
              "default": true
            },
            {
              "name": "info",
              "path": "/nix/store/zqfyk428j0naqyph4qb3kp33b0yq75bj-gcc-wrapper-15.1.0-info"
            }
          ],
          "store_path": "/nix/store/bbdc71n8jyf2m2v5v0sgkqrsq6czz7zb-gcc-wrapper-15.1.0"
        },
        "aarch64-linux": {
          "outputs": [
            {
              "name": "out",
              "path": "/nix/store/6i8w766ss996q66b41b3igmr3kcqklxn-gcc-wrapper-15.1.0",
              "default": true
            },
            {
              "name": "man",
              "path": "/nix/store/agx0zfxhwspf783mzqs8hkk11ivcv9p5-gcc-wrapper-15.1.0-man",
              "default": true
            },
            {
              "name": "info",
              "path": "/nix/store/x29k9656k71r2kj9a16bffc4j03sacwv-gcc-wrapper-15.1.0-info"
            }
          ],
          "store_path": "/nix/store/6i8w766ss996q66b41b3igmr3kcqklxn-gcc-wrapper-15.1.0"
        },
        "x86_64-darwin": {
          "outputs": [
            {
              "name": "out",
              "path": "/nix/store/anzgvch883j7id6gxynhsic1qvm7rm1c-gcc-wrapper-15.1.0",
              "default": true
            },
            {
              "name": "man",
              "path": "/nix/store/r7a8ik7vg79xy64jssa97g345qwg5nmj-gcc-wrapper-15.1.0-man",
              "default": true
            },
            {
              "name": "info",
              "path": "/nix/store/r3qfgnzd327ji3z85xagwrnkf911fy8g-gcc-wrapper-15.1.0-info"
            }
          ],
          "store_path": "/nix/store/anzgvch883j7id6gxynhsic1qvm7rm1c-gcc-wrapper-15.1.0"
        },
        "x86_64-linux": {
          "outputs": [
            {
              "name": "out",
              "path": "/nix/store/1d75h3iiq3mj4liis8cm1cbrldc9hwav-gcc-wrapper-15.1.0",
              "default": true
            },
            {
              "name": "man",
              "path": "/nix/store/3zp966sg0136ik4170lvh0rqpygdq384-gcc-wrapper-15.1.0-man",
              "default": true
            },
            {
              "name": "info",
              "path": "/nix/store/dvgwfg6kix4k6f8r6avfj65d42ii37c8-gcc-wrapper-15.1.0-info"
            }
          ],
          "store_path": "/nix/store/1d75h3iiq3mj4liis8cm1cbrldc9hwav-gcc-wrapper-15.1.0"
        }
      }
    },
    "github:NixOS/nixpkgs/nixpkgs-unstable": {
      "last_modified": "2025-08-08T11:17:04Z",
      "resolved": "github:NixOS/nixpkgs/b069b7c1e2fe1a3a24221428558bf44128d3d5c8?lastModified=1754651824&narHash=sha256-aB7ft6njy9EJfuW%2BrdToNChfRrHNRw%2FyTg5cSEnG%2BHI%3D"
    },
    "go@1.24.4": {
      "last_modified": "2025-07-13T22:45:35Z",
      "resolved": "github:NixOS/nixpkgs/a421ac6595024edcfbb1ef950a3712b89161c359#go",
      "source": "devbox-search",
      "version": "1.24.4",
      "systems": {
        "aarch64-darwin": {
          "outputs": [
            {
              "name": "out",
              "path": "/nix/store/f4a0g1p943l61wfvqnpdr73v9bsyfhf2-go-1.24.4",
              "default": true
            }
          ],
          "store_path": "/nix/store/f4a0g1p943l61wfvqnpdr73v9bsyfhf2-go-1.24.4"
        },
        "aarch64-linux": {
          "outputs": [
            {
              "name": "out",
              "path": "/nix/store/mdyik6amglpjs533vk927f9w1qmyw239-go-1.24.4",
              "default": true
            }
          ],
          "store_path": "/nix/store/mdyik6amglpjs533vk927f9w1qmyw239-go-1.24.4"
        },
        "x86_64-darwin": {
          "outputs": [
            {
              "name": "out",
              "path": "/nix/store/b56ngr9p7x6z368w8m7ps95r3x8gdfv7-go-1.24.4",
              "default": true
            }
          ],
          "store_path": "/nix/store/b56ngr9p7x6z368w8m7ps95r3x8gdfv7-go-1.24.4"
        },
        "x86_64-linux": {
          "outputs": [
            {
              "name": "out",
              "path": "/nix/store/xrzqlk92h7z5mz9mlc4a9dyy91n5b68i-go-1.24.4",
              "default": true
            }
          ],
          "store_path": "/nix/store/xrzqlk92h7z5mz9mlc4a9dyy91n5b68i-go-1.24.4"
        }
      }
    },
    "gum@latest": {
      "last_modified": "2025-07-28T17:09:23Z",
      "resolved": "github:NixOS/nixpkgs/648f70160c03151bc2121d179291337ad6bc564b#gum",
      "source": "devbox-search",
      "version": "0.16.2",
      "systems": {
        "aarch64-darwin": {
          "outputs": [
            {
              "name": "out",
              "path": "/nix/store/s9w5fifwbcl92x3r55r9lbiwmlyrlfig-gum-0.16.2",
              "default": true
            }
          ],
          "store_path": "/nix/store/s9w5fifwbcl92x3r55r9lbiwmlyrlfig-gum-0.16.2"
        },
        "aarch64-linux": {
          "outputs": [
            {
              "name": "out",
              "path": "/nix/store/7z4r5akxz40nfji1jz4bdk99k1biwdkc-gum-0.16.2",
              "default": true
            }
          ],
          "store_path": "/nix/store/7z4r5akxz40nfji1jz4bdk99k1biwdkc-gum-0.16.2"
        },
        "x86_64-darwin": {
          "outputs": [
            {
              "name": "out",
              "path": "/nix/store/r6q70l6jqmgmmv8br9dpvh23c4lqkapq-gum-0.16.2",
              "default": true
            }
          ],
          "store_path": "/nix/store/r6q70l6jqmgmmv8br9dpvh23c4lqkapq-gum-0.16.2"
        },
        "x86_64-linux": {
          "outputs": [
            {
              "name": "out",
              "path": "/nix/store/ghqbmfsmdhccms652yx3n0mkj86jlz8r-gum-0.16.2",
              "default": true
            }
          ],
          "store_path": "/nix/store/ghqbmfsmdhccms652yx3n0mkj86jlz8r-gum-0.16.2"
        }
      }
    },
    "mods@latest": {
      "last_modified": "2025-07-28T17:09:23Z",
      "resolved": "github:NixOS/nixpkgs/648f70160c03151bc2121d179291337ad6bc564b#mods",
      "source": "devbox-search",
      "version": "1.8.1",
      "systems": {
        "aarch64-darwin": {
          "outputs": [
            {
              "name": "out",
              "path": "/nix/store/q5kmixwbmf6b1fsvkkdi7i4m91knfxri-mods-1.8.1",
              "default": true
            }
          ],
          "store_path": "/nix/store/q5kmixwbmf6b1fsvkkdi7i4m91knfxri-mods-1.8.1"
        },
        "aarch64-linux": {
          "outputs": [
            {
              "name": "out",
              "path": "/nix/store/f00dzqdfs3rvfc7b3qd2jk5cn1ylsnbb-mods-1.8.1",
              "default": true
            }
          ],
          "store_path": "/nix/store/f00dzqdfs3rvfc7b3qd2jk5cn1ylsnbb-mods-1.8.1"
        },
        "x86_64-darwin": {
          "outputs": [
            {
              "name": "out",
              "path": "/nix/store/4j1l9i0mhfjklgsipdsdmriykxfg45p3-mods-1.8.1",
              "default": true
            }
          ],
          "store_path": "/nix/store/4j1l9i0mhfjklgsipdsdmriykxfg45p3-mods-1.8.1"
        },
        "x86_64-linux": {
          "outputs": [
            {
              "name": "out",
              "path": "/nix/store/676vw32nr4h07ipxrzk9rgaf7xw5wjpa-mods-1.8.1",
              "default": true
            }
          ],
          "store_path": "/nix/store/676vw32nr4h07ipxrzk9rgaf7xw5wjpa-mods-1.8.1"
        }
      }
    },
    "nodejs@latest": {
      "last_modified": "2025-08-11T07:05:29Z",
      "plugin_version": "0.0.2",
      "resolved": "github:NixOS/nixpkgs/9585e9192aadc13ec3e49f33f8333bd3cda524df#nodejs_24",
      "source": "devbox-search",
      "version": "24.5.0",
      "systems": {
        "aarch64-darwin": {
          "outputs": [
            {
              "name": "out",
              "path": "/nix/store/b1j05q96hwagn787p2jlgqcjg2nf5x49-nodejs-24.5.0",
              "default": true
            },
            {
              "name": "dev",
              "path": "/nix/store/j6ayg4xpqy9xdxgrhpqylzq8v7v07c6r-nodejs-24.5.0-dev"
            },
            {
              "name": "libv8",
              "path": "/nix/store/3ys6v5s5gvd9snwnl4saynl6av7mz3vy-nodejs-24.5.0-libv8"
            }
          ],
          "store_path": "/nix/store/b1j05q96hwagn787p2jlgqcjg2nf5x49-nodejs-24.5.0"
        },
        "aarch64-linux": {
          "outputs": [
            {
              "name": "out",
              "path": "/nix/store/1kn0vh4gf3a22arldrw694apq3fhgp15-nodejs-24.5.0",
              "default": true
            },
            {
              "name": "dev",
              "path": "/nix/store/i3lqaj3j6znhnzh8ayka6q85r81ppxnw-nodejs-24.5.0-dev"
            },
            {
              "name": "libv8",
              "path": "/nix/store/jjw6xgmg6qynp336g9igqnzlfbhzxr2i-nodejs-24.5.0-libv8"
            }
          ],
          "store_path": "/nix/store/1kn0vh4gf3a22arldrw694apq3fhgp15-nodejs-24.5.0"
        },
        "x86_64-darwin": {
          "outputs": [
            {
              "name": "out",
              "path": "/nix/store/sbcg21wp4bdzyh2542v77sp535kvfbfq-nodejs-24.5.0",
              "default": true
            },
            {
              "name": "dev",
              "path": "/nix/store/fg7pi9s6m0spci1pfqbny0kxmk832i3r-nodejs-24.5.0-dev"
            },
            {
              "name": "libv8",
              "path": "/nix/store/75b7iix0pbmxmfnmv90l3q0ll1gc75az-nodejs-24.5.0-libv8"
            }
          ],
          "store_path": "/nix/store/sbcg21wp4bdzyh2542v77sp535kvfbfq-nodejs-24.5.0"
        },
        "x86_64-linux": {
          "outputs": [
            {
              "name": "out",
              "path": "/nix/store/357id3rjy9417k4dkvxxmpgd9bxrwc7l-nodejs-24.5.0",
              "default": true
            },
            {
              "name": "dev",
              "path": "/nix/store/0drh8jjq84sji6889l2k3ysmvy7sc9sg-nodejs-24.5.0-dev"
            },
            {
              "name": "libv8",
              "path": "/nix/store/kdlv4q7sgap0z43cylklhxz1g1q7751b-nodejs-24.5.0-libv8"
            }
          ],
          "store_path": "/nix/store/357id3rjy9417k4dkvxxmpgd9bxrwc7l-nodejs-24.5.0"
        }
      }
    },
    "pnpm@10.14.0": {
      "last_modified": "2025-08-02T16:19:54Z",
      "resolved": "github:NixOS/nixpkgs/7b6929d8b900de3142638310f8bc40cff4f2c507#pnpm",
      "source": "devbox-search",
      "version": "10.14.0",
      "systems": {
        "aarch64-darwin": {
          "outputs": [
            {
              "name": "out",
              "path": "/nix/store/zbrkyacg6llvr23i9jymcqpdply66wcb-pnpm-10.14.0",
              "default": true
            }
          ],
          "store_path": "/nix/store/zbrkyacg6llvr23i9jymcqpdply66wcb-pnpm-10.14.0"
        },
        "aarch64-linux": {
          "outputs": [
            {
              "name": "out",
              "path": "/nix/store/cfpp6ffy67vvzz1l6vqddkxzffs2m790-pnpm-10.14.0",
              "default": true
            }
          ],
          "store_path": "/nix/store/cfpp6ffy67vvzz1l6vqddkxzffs2m790-pnpm-10.14.0"
        },
        "x86_64-darwin": {
          "outputs": [
            {
              "name": "out",
              "path": "/nix/store/iryjb73pn84bczcr751608rjbpbzm721-pnpm-10.14.0",
              "default": true
            }
          ],
          "store_path": "/nix/store/iryjb73pn84bczcr751608rjbpbzm721-pnpm-10.14.0"
        },
        "x86_64-linux": {
          "outputs": [
            {
              "name": "out",
              "path": "/nix/store/q4cljfi7la5sbb75vb2kkgvbg2qwgz2x-pnpm-10.14.0",
              "default": true
            }
          ],
          "store_path": "/nix/store/q4cljfi7la5sbb75vb2kkgvbg2qwgz2x-pnpm-10.14.0"
        }
      }
    },
    "templ@latest": {
      "last_modified": "2025-08-01T06:30:45Z",
      "resolved": "github:NixOS/nixpkgs/a7822a17050fedda63794775b9090880c8214290#templ",
      "source": "devbox-search",
      "version": "0.3.924",
      "systems": {
        "aarch64-darwin": {
          "outputs": [
            {
              "name": "out",
              "path": "/nix/store/pncq34v68zaw43zss45adzs5j4iwris4-templ-0.3.924",
              "default": true
            }
          ],
          "store_path": "/nix/store/pncq34v68zaw43zss45adzs5j4iwris4-templ-0.3.924"
        },
        "aarch64-linux": {
          "outputs": [
            {
              "name": "out",
              "path": "/nix/store/glvzrzimbk8i3886sh6wj7z6lxh7ab21-templ-0.3.924",
              "default": true
            }
          ],
          "store_path": "/nix/store/glvzrzimbk8i3886sh6wj7z6lxh7ab21-templ-0.3.924"
        },
        "x86_64-darwin": {
          "outputs": [
            {
              "name": "out",
              "path": "/nix/store/iqjim6gvr77fn2cflvd289m3l8sbpc8z-templ-0.3.924",
              "default": true
            }
          ],
          "store_path": "/nix/store/iqjim6gvr77fn2cflvd289m3l8sbpc8z-templ-0.3.924"
        },
        "x86_64-linux": {
          "outputs": [
            {
              "name": "out",
              "path": "/nix/store/f42fpcgyisq0n2n4zp4wg54kwbsc5jqy-templ-0.3.924",
              "default": true
            }
          ],
          "store_path": "/nix/store/f42fpcgyisq0n2n4zp4wg54kwbsc5jqy-templ-0.3.924"
        }
      }
    },
    "tinygo@latest": {
      "last_modified": "2025-07-28T17:09:23Z",
      "resolved": "github:NixOS/nixpkgs/648f70160c03151bc2121d179291337ad6bc564b#tinygo",
      "source": "devbox-search",
      "version": "0.37.0",
      "systems": {
        "aarch64-darwin": {
          "outputs": [
            {
              "name": "out",
              "path": "/nix/store/hbcc5b2p7ldmdgfbhjw0k7k8m3qmar32-tinygo-0.37.0",
              "default": true
            }
          ],
          "store_path": "/nix/store/hbcc5b2p7ldmdgfbhjw0k7k8m3qmar32-tinygo-0.37.0"
        },
        "aarch64-linux": {
          "outputs": [
            {
              "name": "out",
              "path": "/nix/store/kh09k20p9p7m4wpb159v0ik33qgmz2ji-tinygo-0.37.0",
              "default": true
            }
          ],
          "store_path": "/nix/store/kh09k20p9p7m4wpb159v0ik33qgmz2ji-tinygo-0.37.0"
        },
        "x86_64-darwin": {
          "outputs": [
            {
              "name": "out",
              "path": "/nix/store/bsgaj2l6aj95bpagw6ny7ank55ahg7d5-tinygo-0.37.0",
              "default": true
            }
          ],
          "store_path": "/nix/store/bsgaj2l6aj95bpagw6ny7ank55ahg7d5-tinygo-0.37.0"
        },
        "x86_64-linux": {
          "outputs": [
            {
              "name": "out",
              "path": "/nix/store/lrnd6d9r7km8mfybv2jfszaq7mkf7dz5-tinygo-0.37.0",
              "default": true
            }
          ],
          "store_path": "/nix/store/lrnd6d9r7km8mfybv2jfszaq7mkf7dz5-tinygo-0.37.0"
        }
      }
    },
    "trunk@latest": {
      "last_modified": "2025-07-28T17:09:23Z",
      "resolved": "github:NixOS/nixpkgs/648f70160c03151bc2121d179291337ad6bc564b#trunk",
      "source": "devbox-search",
      "version": "0.21.14",
      "systems": {
        "aarch64-darwin": {
          "outputs": [
            {
              "name": "out",
              "path": "/nix/store/j4pxnxkchbvvlj132l5cwljrm602fmvs-trunk-0.21.14",
              "default": true
            }
          ],
          "store_path": "/nix/store/j4pxnxkchbvvlj132l5cwljrm602fmvs-trunk-0.21.14"
        },
        "aarch64-linux": {
          "outputs": [
            {
              "name": "out",
              "path": "/nix/store/9wznxami6pkq2dw6l4szrg4sifh492c2-trunk-0.21.14",
              "default": true
            }
          ],
          "store_path": "/nix/store/9wznxami6pkq2dw6l4szrg4sifh492c2-trunk-0.21.14"
        },
        "x86_64-darwin": {
          "outputs": [
            {
              "name": "out",
              "path": "/nix/store/qr6nbiwaw4zs0j3872mjbn7fwgh2m5vl-trunk-0.21.14",
              "default": true
            }
          ],
          "store_path": "/nix/store/qr6nbiwaw4zs0j3872mjbn7fwgh2m5vl-trunk-0.21.14"
        },
        "x86_64-linux": {
          "outputs": [
            {
              "name": "out",
              "path": "/nix/store/j7y8mqi4klmsagw0g6k3zqnx3k1n2zxa-trunk-0.21.14",
              "default": true
            }
          ],
          "store_path": "/nix/store/j7y8mqi4klmsagw0g6k3zqnx3k1n2zxa-trunk-0.21.14"
        }
      }
    },
    "uv@latest": {
      "last_modified": "2025-07-28T17:09:23Z",
      "resolved": "github:NixOS/nixpkgs/648f70160c03151bc2121d179291337ad6bc564b#uv",
      "source": "devbox-search",
      "version": "0.8.2",
      "systems": {
        "aarch64-darwin": {
          "outputs": [
            {
              "name": "out",
              "path": "/nix/store/db9y1b002zlnyjgpsnbl9hvlwsiqajl4-uv-0.8.2",
              "default": true
            }
          ],
          "store_path": "/nix/store/db9y1b002zlnyjgpsnbl9hvlwsiqajl4-uv-0.8.2"
        },
        "aarch64-linux": {
          "outputs": [
            {
              "name": "out",
              "path": "/nix/store/bdps6h2gn2rysavc3cq2slqnjlsyyk03-uv-0.8.2",
              "default": true
            }
          ],
          "store_path": "/nix/store/bdps6h2gn2rysavc3cq2slqnjlsyyk03-uv-0.8.2"
        },
        "x86_64-darwin": {
          "outputs": [
            {
              "name": "out",
              "path": "/nix/store/91g6383zq1wbiik2an7g6yfrj294c19v-uv-0.8.2",
              "default": true
            }
          ],
          "store_path": "/nix/store/91g6383zq1wbiik2an7g6yfrj294c19v-uv-0.8.2"
        },
        "x86_64-linux": {
          "outputs": [
            {
              "name": "out",
              "path": "/nix/store/swq8qrr7n5gkc1b4940q62a3ll52prgl-uv-0.8.2",
              "default": true
            }
          ],
          "store_path": "/nix/store/swq8qrr7n5gkc1b4940q62a3ll52prgl-uv-0.8.2"
        }
      }
    },
    "wrkflw@latest": {
      "last_modified": "2025-08-08T08:05:48Z",
      "resolved": "github:NixOS/nixpkgs/a3f3e3f2c983e957af6b07a1db98bafd1f87b7a1#wrkflw",
      "source": "devbox-search",
      "version": "0.4.0",
      "systems": {
        "aarch64-darwin": {
          "outputs": [
            {
              "name": "out",
              "path": "/nix/store/i8502axxgj1diz3zi84mn82zn7cgy8z6-wrkflw-0.4.0",
              "default": true
            }
          ],
          "store_path": "/nix/store/i8502axxgj1diz3zi84mn82zn7cgy8z6-wrkflw-0.4.0"
        },
        "aarch64-linux": {
          "outputs": [
            {
              "name": "out",
              "path": "/nix/store/i879qdphllj01iyzh0hhrqymgdgcviah-wrkflw-0.4.0",
              "default": true
            }
          ],
          "store_path": "/nix/store/i879qdphllj01iyzh0hhrqymgdgcviah-wrkflw-0.4.0"
        },
        "x86_64-darwin": {
          "outputs": [
            {
              "name": "out",
              "path": "/nix/store/hafx7sdxsd26g25ds6mxamncf9wmawhg-wrkflw-0.4.0",
              "default": true
            }
          ],
          "store_path": "/nix/store/hafx7sdxsd26g25ds6mxamncf9wmawhg-wrkflw-0.4.0"
        },
        "x86_64-linux": {
          "outputs": [
            {
              "name": "out",
              "path": "/nix/store/04bqnq1lrymknypj6ppfp78qm51l3hfq-wrkflw-0.4.0",
              "default": true
            }
          ],
          "store_path": "/nix/store/04bqnq1lrymknypj6ppfp78qm51l3hfq-wrkflw-0.4.0"
        }
      }
    },
    "yq@latest": {
      "last_modified": "2025-09-18T16:33:27Z",
      "resolved": "github:NixOS/nixpkgs/f4b140d5b253f5e2a1ff4e5506edbf8267724bde#yq",
      "source": "devbox-search",
      "version": "3.4.3",
      "systems": {
        "aarch64-darwin": {
          "outputs": [
            {
              "name": "out",
              "path": "/nix/store/v2zwrd9i6qy2gw30l4g5ral2b2lqai7m-python3.13-yq-3.4.3",
              "default": true
            },
            {
              "name": "dist",
              "path": "/nix/store/w0pyb99nyvl1z7bzdaznpxmxdpcxfg9z-python3.13-yq-3.4.3-dist"
            }
          ],
          "store_path": "/nix/store/v2zwrd9i6qy2gw30l4g5ral2b2lqai7m-python3.13-yq-3.4.3"
        },
        "aarch64-linux": {
          "outputs": [
            {
              "name": "out",
              "path": "/nix/store/cga5g4sznhlz7aql75xkvd327gbc6l0v-python3.13-yq-3.4.3",
              "default": true
            },
            {
              "name": "dist",
              "path": "/nix/store/gi3fk236bw9mgip7pqgg38gzav4kp2cg-python3.13-yq-3.4.3-dist"
            }
          ],
          "store_path": "/nix/store/cga5g4sznhlz7aql75xkvd327gbc6l0v-python3.13-yq-3.4.3"
        },
        "x86_64-darwin": {
          "outputs": [
            {
              "name": "out",
              "path": "/nix/store/8lbrw66bawjxsxsp5zb2fxqk5a1jqhin-python3.13-yq-3.4.3",
              "default": true
            },
            {
              "name": "dist",
              "path": "/nix/store/fipjjg56y516zki8hc8c384v2210z65q-python3.13-yq-3.4.3-dist"
            }
          ],
          "store_path": "/nix/store/8lbrw66bawjxsxsp5zb2fxqk5a1jqhin-python3.13-yq-3.4.3"
        },
        "x86_64-linux": {
          "outputs": [
            {
              "name": "out",
              "path": "/nix/store/syd7ixyha4g71vmql2pdccwmm50z3i8c-python3.13-yq-3.4.3",
              "default": true
            },
            {
              "name": "dist",
              "path": "/nix/store/p0lc8d2rybgqf57dc5fghavz02j808j6-python3.13-yq-3.4.3-dist"
            }
          ],
          "store_path": "/nix/store/syd7ixyha4g71vmql2pdccwmm50z3i8c-python3.13-yq-3.4.3"
        }
      }
    }
  }
}
